// !$*UTF8*$!
{
	archiveVersion = 1;
	classes = {
	};
	objectVersion = 50;
	objects = {

/* Begin PBXBuildFile section */
		9563B4D421251EA8007AC364 /* BaseNetWork.swift in Sources */ = {isa = PBXBuildFile; fileRef = 9563B4D321251EA8007AC364 /* BaseNetWork.swift */; };
		9563B4D82125614C007AC364 /* ExampleNetWorkVC.swift in Sources */ = {isa = PBXBuildFile; fileRef = 9563B4D72125614C007AC364 /* ExampleNetWorkVC.swift */; };
		9563B4DA21256161007AC364 /* ExampleNavSetVC.swift in Sources */ = {isa = PBXBuildFile; fileRef = 9563B4D921256161007AC364 /* ExampleNavSetVC.swift */; };
		9563B4DC2125618B007AC364 /* ExampleNavBarVC.swift in Sources */ = {isa = PBXBuildFile; fileRef = 9563B4DB2125618B007AC364 /* ExampleNavBarVC.swift */; };
		95CD11792122691B00331792 /* WYASwiftEnvTests.swift in Sources */ = {isa = PBXBuildFile; fileRef = 95CD11782122691B00331792 /* WYASwiftEnvTests.swift */; };
		95CD11842122691B00331792 /* WYASwiftEnvUITests.swift in Sources */ = {isa = PBXBuildFile; fileRef = 95CD11832122691B00331792 /* WYASwiftEnvUITests.swift */; };
		95CD11A4212269D500331792 /* AppDelegate.swift in Sources */ = {isa = PBXBuildFile; fileRef = 95CD119A212269D500331792 /* AppDelegate.swift */; };
		95CD11A5212269D500331792 /* LaunchScreen.storyboard in Resources */ = {isa = PBXBuildFile; fileRef = 95CD119C212269D500331792 /* LaunchScreen.storyboard */; };
		95CD11A7212269D500331792 /* Assets.xcassets in Resources */ = {isa = PBXBuildFile; fileRef = 95CD11A0212269D500331792 /* Assets.xcassets */; };
		95CD11A8212269D500331792 /* Info.plist in Resources */ = {isa = PBXBuildFile; fileRef = 95CD11A2212269D500331792 /* Info.plist */; };
		95CD11AA21226C7800331792 /* RootViewController.swift in Sources */ = {isa = PBXBuildFile; fileRef = 95CD11A921226C7800331792 /* RootViewController.swift */; };
		95CD11AC21226CA100331792 /* RootControllerModel.swift in Sources */ = {isa = PBXBuildFile; fileRef = 95CD11AB21226CA100331792 /* RootControllerModel.swift */; };
		95CD11B02122737200331792 /* BaseViewController.swift in Sources */ = {isa = PBXBuildFile; fileRef = 95CD11AF2122737200331792 /* BaseViewController.swift */; };
		95CD11B2212275C700331792 /* HomeViewController.swift in Sources */ = {isa = PBXBuildFile; fileRef = 95CD11B1212275C700331792 /* HomeViewController.swift */; };
		95CD11B42122866900331792 /* MineViewController.swift in Sources */ = {isa = PBXBuildFile; fileRef = 95CD11B32122866900331792 /* MineViewController.swift */; };
		95CD11BA2122AD8D00331792 /* WYABaseConfig.swift in Sources */ = {isa = PBXBuildFile; fileRef = 95CD11B92122AD8D00331792 /* WYABaseConfig.swift */; };
		95CD11BC2122AD9C00331792 /* WYAMacros.swift in Sources */ = {isa = PBXBuildFile; fileRef = 95CD11BB2122AD9C00331792 /* WYAMacros.swift */; };
		95CD11BE2122ADB500331792 /* WYANoticName.swift in Sources */ = {isa = PBXBuildFile; fileRef = 95CD11BD2122ADB500331792 /* WYANoticName.swift */; };
		95CD11C02122ADC500331792 /* WYANetRequestUrl.swift in Sources */ = {isa = PBXBuildFile; fileRef = 95CD11BF2122ADC500331792 /* WYANetRequestUrl.swift */; };
		95CD11C22122ADD800331792 /* WYAThirdClassHeader.swift in Sources */ = {isa = PBXBuildFile; fileRef = 95CD11C12122ADD800331792 /* WYAThirdClassHeader.swift */; };
		95CD11C42122D49000331792 /* PrintTool.swift in Sources */ = {isa = PBXBuildFile; fileRef = 95CD11C32122D49000331792 /* PrintTool.swift */; };
		95CD11CB2124099300331792 /* Main.storyboard in Resources */ = {isa = PBXBuildFile; fileRef = 95CD11C92124099300331792 /* Main.storyboard */; };
		95CD11CD212419D900331792 /* String.swift in Sources */ = {isa = PBXBuildFile; fileRef = 95CD11CC212419D900331792 /* String.swift */; };
		C196D4F6DC0519B3A3510C99 /* Pods_WYASwiftEnv.framework in Frameworks */ = {isa = PBXBuildFile; fileRef = 7E6490D80BEFB40E51FD9DE0 /* Pods_WYASwiftEnv.framework */; };
/* End PBXBuildFile section */

/* Begin PBXContainerItemProxy section */
		95CD11752122691B00331792 /* PBXContainerItemProxy */ = {
			isa = PBXContainerItemProxy;
			containerPortal = 95CD11582122691A00331792 /* Project object */;
			proxyType = 1;
			remoteGlobalIDString = 95CD115F2122691A00331792;
			remoteInfo = WYASwiftEnv;
		};
		95CD11802122691B00331792 /* PBXContainerItemProxy */ = {
			isa = PBXContainerItemProxy;
			containerPortal = 95CD11582122691A00331792 /* Project object */;
			proxyType = 1;
			remoteGlobalIDString = 95CD115F2122691A00331792;
			remoteInfo = WYASwiftEnv;
		};
/* End PBXContainerItemProxy section */

/* Begin PBXFileReference section */
		14B6A12E59368B97A105D7E4 /* Pods-WYASwiftEnv.debug.xcconfig */ = {isa = PBXFileReference; includeInIndex = 1; lastKnownFileType = text.xcconfig; name = "Pods-WYASwiftEnv.debug.xcconfig"; path = "Pods/Target Support Files/Pods-WYASwiftEnv/Pods-WYASwiftEnv.debug.xcconfig"; sourceTree = "<group>"; };
		7DBB0137EB4AFF0849D9A977 /* Pods-WYASwiftEnv.release.xcconfig */ = {isa = PBXFileReference; includeInIndex = 1; lastKnownFileType = text.xcconfig; name = "Pods-WYASwiftEnv.release.xcconfig"; path = "Pods/Target Support Files/Pods-WYASwiftEnv/Pods-WYASwiftEnv.release.xcconfig"; sourceTree = "<group>"; };
		7E6490D80BEFB40E51FD9DE0 /* Pods_WYASwiftEnv.framework */ = {isa = PBXFileReference; explicitFileType = wrapper.framework; includeInIndex = 0; path = Pods_WYASwiftEnv.framework; sourceTree = BUILT_PRODUCTS_DIR; };
		9563B4D321251EA8007AC364 /* BaseNetWork.swift */ = {isa = PBXFileReference; lastKnownFileType = sourcecode.swift; path = BaseNetWork.swift; sourceTree = "<group>"; };
		9563B4D72125614C007AC364 /* ExampleNetWorkVC.swift */ = {isa = PBXFileReference; lastKnownFileType = sourcecode.swift; path = ExampleNetWorkVC.swift; sourceTree = "<group>"; };
		9563B4D921256161007AC364 /* ExampleNavSetVC.swift */ = {isa = PBXFileReference; lastKnownFileType = sourcecode.swift; path = ExampleNavSetVC.swift; sourceTree = "<group>"; };
		9563B4DB2125618B007AC364 /* ExampleNavBarVC.swift */ = {isa = PBXFileReference; lastKnownFileType = sourcecode.swift; path = ExampleNavBarVC.swift; sourceTree = "<group>"; };
		95CD11602122691A00331792 /* WYASwiftEnv.app */ = {isa = PBXFileReference; explicitFileType = wrapper.application; includeInIndex = 0; path = WYASwiftEnv.app; sourceTree = BUILT_PRODUCTS_DIR; };
		95CD11742122691B00331792 /* WYASwiftEnvTests.xctest */ = {isa = PBXFileReference; explicitFileType = wrapper.cfbundle; includeInIndex = 0; path = WYASwiftEnvTests.xctest; sourceTree = BUILT_PRODUCTS_DIR; };
		95CD11782122691B00331792 /* WYASwiftEnvTests.swift */ = {isa = PBXFileReference; lastKnownFileType = sourcecode.swift; path = WYASwiftEnvTests.swift; sourceTree = "<group>"; };
		95CD117A2122691B00331792 /* Info.plist */ = {isa = PBXFileReference; lastKnownFileType = text.plist.xml; path = Info.plist; sourceTree = "<group>"; };
		95CD117F2122691B00331792 /* WYASwiftEnvUITests.xctest */ = {isa = PBXFileReference; explicitFileType = wrapper.cfbundle; includeInIndex = 0; path = WYASwiftEnvUITests.xctest; sourceTree = BUILT_PRODUCTS_DIR; };
		95CD11832122691B00331792 /* WYASwiftEnvUITests.swift */ = {isa = PBXFileReference; lastKnownFileType = sourcecode.swift; path = WYASwiftEnvUITests.swift; sourceTree = "<group>"; };
		95CD11852122691B00331792 /* Info.plist */ = {isa = PBXFileReference; lastKnownFileType = text.plist.xml; path = Info.plist; sourceTree = "<group>"; };
		95CD119A212269D500331792 /* AppDelegate.swift */ = {isa = PBXFileReference; fileEncoding = 4; lastKnownFileType = sourcecode.swift; path = AppDelegate.swift; sourceTree = "<group>"; };
		95CD119D212269D500331792 /* Base */ = {isa = PBXFileReference; lastKnownFileType = file.storyboard; name = Base; path = LaunchScreen.storyboard; sourceTree = "<group>"; };
		95CD11A0212269D500331792 /* Assets.xcassets */ = {isa = PBXFileReference; lastKnownFileType = folder.assetcatalog; path = Assets.xcassets; sourceTree = "<group>"; };
		95CD11A2212269D500331792 /* Info.plist */ = {isa = PBXFileReference; fileEncoding = 4; lastKnownFileType = text.plist.xml; path = Info.plist; sourceTree = "<group>"; };
		95CD11A921226C7800331792 /* RootViewController.swift */ = {isa = PBXFileReference; lastKnownFileType = sourcecode.swift; path = RootViewController.swift; sourceTree = "<group>"; };
		95CD11AB21226CA100331792 /* RootControllerModel.swift */ = {isa = PBXFileReference; lastKnownFileType = sourcecode.swift; path = RootControllerModel.swift; sourceTree = "<group>"; };
		95CD11AF2122737200331792 /* BaseViewController.swift */ = {isa = PBXFileReference; lastKnownFileType = sourcecode.swift; path = BaseViewController.swift; sourceTree = "<group>"; };
		95CD11B1212275C700331792 /* HomeViewController.swift */ = {isa = PBXFileReference; lastKnownFileType = sourcecode.swift; path = HomeViewController.swift; sourceTree = "<group>"; };
		95CD11B32122866900331792 /* MineViewController.swift */ = {isa = PBXFileReference; lastKnownFileType = sourcecode.swift; path = MineViewController.swift; sourceTree = "<group>"; };
		95CD11B92122AD8D00331792 /* WYABaseConfig.swift */ = {isa = PBXFileReference; lastKnownFileType = sourcecode.swift; path = WYABaseConfig.swift; sourceTree = "<group>"; };
		95CD11BB2122AD9C00331792 /* WYAMacros.swift */ = {isa = PBXFileReference; lastKnownFileType = sourcecode.swift; path = WYAMacros.swift; sourceTree = "<group>"; };
		95CD11BD2122ADB500331792 /* WYANoticName.swift */ = {isa = PBXFileReference; lastKnownFileType = sourcecode.swift; path = WYANoticName.swift; sourceTree = "<group>"; };
		95CD11BF2122ADC500331792 /* WYANetRequestUrl.swift */ = {isa = PBXFileReference; lastKnownFileType = sourcecode.swift; path = WYANetRequestUrl.swift; sourceTree = "<group>"; };
		95CD11C12122ADD800331792 /* WYAThirdClassHeader.swift */ = {isa = PBXFileReference; lastKnownFileType = sourcecode.swift; path = WYAThirdClassHeader.swift; sourceTree = "<group>"; };
		95CD11C32122D49000331792 /* PrintTool.swift */ = {isa = PBXFileReference; lastKnownFileType = sourcecode.swift; path = PrintTool.swift; sourceTree = "<group>"; };
		95CD11CA2124099300331792 /* Base */ = {isa = PBXFileReference; lastKnownFileType = file.storyboard; name = Base; path = Main.storyboard; sourceTree = "<group>"; };
		95CD11CC212419D900331792 /* String.swift */ = {isa = PBXFileReference; lastKnownFileType = sourcecode.swift; path = String.swift; sourceTree = "<group>"; };
/* End PBXFileReference section */

/* Begin PBXFrameworksBuildPhase section */
		95CD115D2122691A00331792 /* Frameworks */ = {
			isa = PBXFrameworksBuildPhase;
			buildActionMask = 2147483647;
			files = (
				C196D4F6DC0519B3A3510C99 /* Pods_WYASwiftEnv.framework in Frameworks */,
			);
			runOnlyForDeploymentPostprocessing = 0;
		};
		95CD11712122691B00331792 /* Frameworks */ = {
			isa = PBXFrameworksBuildPhase;
			buildActionMask = 2147483647;
			files = (
			);
			runOnlyForDeploymentPostprocessing = 0;
		};
		95CD117C2122691B00331792 /* Frameworks */ = {
			isa = PBXFrameworksBuildPhase;
			buildActionMask = 2147483647;
			files = (
			);
			runOnlyForDeploymentPostprocessing = 0;
		};
/* End PBXFrameworksBuildPhase section */

/* Begin PBXGroup section */
		4F8E37B8324746B3BCE1F010 /* Pods */ = {
			isa = PBXGroup;
			children = (
				14B6A12E59368B97A105D7E4 /* Pods-WYASwiftEnv.debug.xcconfig */,
				7DBB0137EB4AFF0849D9A977 /* Pods-WYASwiftEnv.release.xcconfig */,
			);
			name = Pods;
			sourceTree = "<group>";
		};
		8858EE8FF700094030EA6A25 /* Frameworks */ = {
			isa = PBXGroup;
			children = (
				7E6490D80BEFB40E51FD9DE0 /* Pods_WYASwiftEnv.framework */,
			);
			name = Frameworks;
			sourceTree = "<group>";
		};
		95CD11572122691A00331792 = {
			isa = PBXGroup;
			children = (
				95CD11622122691A00331792 /* WYASwiftEnv */,
				95CD11772122691B00331792 /* WYASwiftEnvTests */,
				95CD11822122691B00331792 /* WYASwiftEnvUITests */,
				95CD11612122691A00331792 /* Products */,
				4F8E37B8324746B3BCE1F010 /* Pods */,
				8858EE8FF700094030EA6A25 /* Frameworks */,
			);
			sourceTree = "<group>";
		};
		95CD11612122691A00331792 /* Products */ = {
			isa = PBXGroup;
			children = (
				95CD11602122691A00331792 /* WYASwiftEnv.app */,
				95CD11742122691B00331792 /* WYASwiftEnvTests.xctest */,
				95CD117F2122691B00331792 /* WYASwiftEnvUITests.xctest */,
			);
			name = Products;
			sourceTree = "<group>";
		};
		95CD11622122691A00331792 /* WYASwiftEnv */ = {
			isa = PBXGroup;
			children = (
				95CD1199212269D500331792 /* APPDelegate */,
				95CD11A0212269D500331792 /* Assets.xcassets */,
				95CD119B212269D500331792 /* Base.lproj */,
				95CD11A3212269D500331792 /* BaseFile */,
				95CD1194212269D400331792 /* Extension */,
				95CD1196212269D500331792 /* Class */,
				95CD11A1212269D500331792 /* Config */,
				95CD1195212269D400331792 /* Example */,
				95CD11A2212269D500331792 /* Info.plist */,
				95CD1191212269D400331792 /* RootController */,
			);
			path = WYASwiftEnv;
			sourceTree = "<group>";
		};
		95CD11772122691B00331792 /* WYASwiftEnvTests */ = {
			isa = PBXGroup;
			children = (
				95CD11782122691B00331792 /* WYASwiftEnvTests.swift */,
				95CD117A2122691B00331792 /* Info.plist */,
			);
			path = WYASwiftEnvTests;
			sourceTree = "<group>";
		};
		95CD11822122691B00331792 /* WYASwiftEnvUITests */ = {
			isa = PBXGroup;
			children = (
				95CD11832122691B00331792 /* WYASwiftEnvUITests.swift */,
				95CD11852122691B00331792 /* Info.plist */,
			);
			path = WYASwiftEnvUITests;
			sourceTree = "<group>";
		};
		95CD1191212269D400331792 /* RootController */ = {
			isa = PBXGroup;
			children = (
				95CD1192212269D400331792 /* Controller */,
				95CD1193212269D400331792 /* Model */,
			);
			path = RootController;
			sourceTree = "<group>";
		};
		95CD1192212269D400331792 /* Controller */ = {
			isa = PBXGroup;
			children = (
				95CD11A921226C7800331792 /* RootViewController.swift */,
			);
			path = Controller;
			sourceTree = "<group>";
		};
		95CD1193212269D400331792 /* Model */ = {
			isa = PBXGroup;
			children = (
				95CD11AB21226CA100331792 /* RootControllerModel.swift */,
			);
			path = Model;
			sourceTree = "<group>";
		};
		95CD1194212269D400331792 /* Extension */ = {
			isa = PBXGroup;
			children = (
				95CD11CC212419D900331792 /* String.swift */,
			);
			path = Extension;
			sourceTree = "<group>";
		};
		95CD1195212269D400331792 /* Example */ = {
			isa = PBXGroup;
			children = (
				9563B4D72125614C007AC364 /* ExampleNetWorkVC.swift */,
				9563B4D921256161007AC364 /* ExampleNavSetVC.swift */,
				9563B4DB2125618B007AC364 /* ExampleNavBarVC.swift */,
			);
			path = Example;
			sourceTree = "<group>";
		};
		95CD1196212269D500331792 /* Class */ = {
			isa = PBXGroup;
			children = (
				95CD1197212269D500331792 /* Home */,
				95CD1198212269D500331792 /* Mine */,
			);
			path = Class;
			sourceTree = "<group>";
		};
		95CD1197212269D500331792 /* Home */ = {
			isa = PBXGroup;
			children = (
				95CD11AD2122732500331792 /* Controller */,
			);
			path = Home;
			sourceTree = "<group>";
		};
		95CD1198212269D500331792 /* Mine */ = {
			isa = PBXGroup;
			children = (
				95CD11AE2122733900331792 /* Controller */,
			);
			path = Mine;
			sourceTree = "<group>";
		};
		95CD1199212269D500331792 /* APPDelegate */ = {
			isa = PBXGroup;
			children = (
				95CD119A212269D500331792 /* AppDelegate.swift */,
			);
			path = APPDelegate;
			sourceTree = "<group>";
		};
		95CD119B212269D500331792 /* Base.lproj */ = {
			isa = PBXGroup;
			children = (
				95CD11C92124099300331792 /* Main.storyboard */,
				95CD119C212269D500331792 /* LaunchScreen.storyboard */,
			);
			path = Base.lproj;
			sourceTree = "<group>";
		};
		95CD11A1212269D500331792 /* Config */ = {
			isa = PBXGroup;
			children = (
				95CD11B92122AD8D00331792 /* WYABaseConfig.swift */,
				95CD11BB2122AD9C00331792 /* WYAMacros.swift */,
				95CD11BD2122ADB500331792 /* WYANoticName.swift */,
				95CD11BF2122ADC500331792 /* WYANetRequestUrl.swift */,
				95CD11C12122ADD800331792 /* WYAThirdClassHeader.swift */,
				95CD11C32122D49000331792 /* PrintTool.swift */,
			);
			path = Config;
			sourceTree = "<group>";
		};
		95CD11A3212269D500331792 /* BaseFile */ = {
			isa = PBXGroup;
			children = (
				95CD11AF2122737200331792 /* BaseViewController.swift */,
				9563B4D321251EA8007AC364 /* BaseNetWork.swift */,
			);
			path = BaseFile;
			sourceTree = "<group>";
		};
		95CD11AD2122732500331792 /* Controller */ = {
			isa = PBXGroup;
			children = (
				95CD11B1212275C700331792 /* HomeViewController.swift */,
			);
			path = Controller;
			sourceTree = "<group>";
		};
		95CD11AE2122733900331792 /* Controller */ = {
			isa = PBXGroup;
			children = (
				95CD11B32122866900331792 /* MineViewController.swift */,
			);
			path = Controller;
			sourceTree = "<group>";
		};
/* End PBXGroup section */

/* Begin PBXNativeTarget section */
		95CD115F2122691A00331792 /* WYASwiftEnv */ = {
			isa = PBXNativeTarget;
			buildConfigurationList = 95CD11882122691B00331792 /* Build configuration list for PBXNativeTarget "WYASwiftEnv" */;
			buildPhases = (
				58CFC3A4C61B4C8930FCA364 /* [CP] Check Pods Manifest.lock */,
				95CD115C2122691A00331792 /* Sources */,
				95CD115D2122691A00331792 /* Frameworks */,
				95CD115E2122691A00331792 /* Resources */,
				EC35589ADB07A63A95A1FCCB /* [CP] Embed Pods Frameworks */,
			);
			buildRules = (
			);
			dependencies = (
			);
			name = WYASwiftEnv;
			productName = WYASwiftEnv;
			productReference = 95CD11602122691A00331792 /* WYASwiftEnv.app */;
			productType = "com.apple.product-type.application";
		};
		95CD11732122691B00331792 /* WYASwiftEnvTests */ = {
			isa = PBXNativeTarget;
			buildConfigurationList = 95CD118B2122691B00331792 /* Build configuration list for PBXNativeTarget "WYASwiftEnvTests" */;
			buildPhases = (
				95CD11702122691B00331792 /* Sources */,
				95CD11712122691B00331792 /* Frameworks */,
				95CD11722122691B00331792 /* Resources */,
			);
			buildRules = (
			);
			dependencies = (
				95CD11762122691B00331792 /* PBXTargetDependency */,
			);
			name = WYASwiftEnvTests;
			productName = WYASwiftEnvTests;
			productReference = 95CD11742122691B00331792 /* WYASwiftEnvTests.xctest */;
			productType = "com.apple.product-type.bundle.unit-test";
		};
		95CD117E2122691B00331792 /* WYASwiftEnvUITests */ = {
			isa = PBXNativeTarget;
			buildConfigurationList = 95CD118E2122691B00331792 /* Build configuration list for PBXNativeTarget "WYASwiftEnvUITests" */;
			buildPhases = (
				95CD117B2122691B00331792 /* Sources */,
				95CD117C2122691B00331792 /* Frameworks */,
				95CD117D2122691B00331792 /* Resources */,
			);
			buildRules = (
			);
			dependencies = (
				95CD11812122691B00331792 /* PBXTargetDependency */,
			);
			name = WYASwiftEnvUITests;
			productName = WYASwiftEnvUITests;
			productReference = 95CD117F2122691B00331792 /* WYASwiftEnvUITests.xctest */;
			productType = "com.apple.product-type.bundle.ui-testing";
		};
/* End PBXNativeTarget section */

/* Begin PBXProject section */
		95CD11582122691A00331792 /* Project object */ = {
			isa = PBXProject;
			attributes = {
				LastSwiftUpdateCheck = 0940;
				LastUpgradeCheck = 0940;
				ORGANIZATIONNAME = WeiYiAn;
				TargetAttributes = {
					95CD115F2122691A00331792 = {
						CreatedOnToolsVersion = 9.4.1;
					};
					95CD11732122691B00331792 = {
						CreatedOnToolsVersion = 9.4.1;
						TestTargetID = 95CD115F2122691A00331792;
					};
					95CD117E2122691B00331792 = {
						CreatedOnToolsVersion = 9.4.1;
						TestTargetID = 95CD115F2122691A00331792;
					};
				};
			};
			buildConfigurationList = 95CD115B2122691A00331792 /* Build configuration list for PBXProject "WYASwiftEnv" */;
			compatibilityVersion = "Xcode 9.3";
			developmentRegion = en;
			hasScannedForEncodings = 0;
			knownRegions = (
				en,
				Base,
			);
			mainGroup = 95CD11572122691A00331792;
			productRefGroup = 95CD11612122691A00331792 /* Products */;
			projectDirPath = "";
			projectRoot = "";
			targets = (
				95CD115F2122691A00331792 /* WYASwiftEnv */,
				95CD11732122691B00331792 /* WYASwiftEnvTests */,
				95CD117E2122691B00331792 /* WYASwiftEnvUITests */,
			);
		};
/* End PBXProject section */

/* Begin PBXResourcesBuildPhase section */
		95CD115E2122691A00331792 /* Resources */ = {
			isa = PBXResourcesBuildPhase;
			buildActionMask = 2147483647;
			files = (
				95CD11A8212269D500331792 /* Info.plist in Resources */,
				95CD11A5212269D500331792 /* LaunchScreen.storyboard in Resources */,
				95CD11A7212269D500331792 /* Assets.xcassets in Resources */,
				95CD11CB2124099300331792 /* Main.storyboard in Resources */,
			);
			runOnlyForDeploymentPostprocessing = 0;
		};
		95CD11722122691B00331792 /* Resources */ = {
			isa = PBXResourcesBuildPhase;
			buildActionMask = 2147483647;
			files = (
			);
			runOnlyForDeploymentPostprocessing = 0;
		};
		95CD117D2122691B00331792 /* Resources */ = {
			isa = PBXResourcesBuildPhase;
			buildActionMask = 2147483647;
			files = (
			);
			runOnlyForDeploymentPostprocessing = 0;
		};
/* End PBXResourcesBuildPhase section */

/* Begin PBXShellScriptBuildPhase section */
		58CFC3A4C61B4C8930FCA364 /* [CP] Check Pods Manifest.lock */ = {
			isa = PBXShellScriptBuildPhase;
			buildActionMask = 2147483647;
			files = (
			);
			inputPaths = (
				"${PODS_PODFILE_DIR_PATH}/Podfile.lock",
				"${PODS_ROOT}/Manifest.lock",
			);
			name = "[CP] Check Pods Manifest.lock";
			outputPaths = (
				"$(DERIVED_FILE_DIR)/Pods-WYASwiftEnv-checkManifestLockResult.txt",
			);
			runOnlyForDeploymentPostprocessing = 0;
			shellPath = /bin/sh;
			shellScript = "diff \"${PODS_PODFILE_DIR_PATH}/Podfile.lock\" \"${PODS_ROOT}/Manifest.lock\" > /dev/null\nif [ $? != 0 ] ; then\n    # print error to STDERR\n    echo \"error: The sandbox is not in sync with the Podfile.lock. Run 'pod install' or update your CocoaPods installation.\" >&2\n    exit 1\nfi\n# This output is used by Xcode 'outputs' to avoid re-running this script phase.\necho \"SUCCESS\" > \"${SCRIPT_OUTPUT_FILE_0}\"\n";
			showEnvVarsInLog = 0;
		};
		EC35589ADB07A63A95A1FCCB /* [CP] Embed Pods Frameworks */ = {
			isa = PBXShellScriptBuildPhase;
			buildActionMask = 2147483647;
			files = (
			);
			inputPaths = (
				"${SRCROOT}/Pods/Target Support Files/Pods-WYASwiftEnv/Pods-WYASwiftEnv-frameworks.sh",
				"${BUILT_PRODUCTS_DIR}/Alamofire/Alamofire.framework",
				"${BUILT_PRODUCTS_DIR}/BMPlayer/BMPlayer.framework",
				"${BUILT_PRODUCTS_DIR}/FDFullscreenPopGesture/FDFullscreenPopGesture.framework",
				"${BUILT_PRODUCTS_DIR}/Kingfisher/Kingfisher.framework",
				"${BUILT_PRODUCTS_DIR}/MJRefresh/MJRefresh.framework",
				"${BUILT_PRODUCTS_DIR}/NVActivityIndicatorView/NVActivityIndicatorView.framework",
				"${BUILT_PRODUCTS_DIR}/RxCocoa/RxCocoa.framework",
				"${BUILT_PRODUCTS_DIR}/RxSwift/RxSwift.framework",
				"${BUILT_PRODUCTS_DIR}/SGPagingView/SGPagingView.framework",
				"${BUILT_PRODUCTS_DIR}/SQLite.swift/SQLite.framework",
				"${BUILT_PRODUCTS_DIR}/SVProgressHUD/SVProgressHUD.framework",
				"${BUILT_PRODUCTS_DIR}/SnapKit/SnapKit.framework",
			);
			name = "[CP] Embed Pods Frameworks";
			outputPaths = (
				"${TARGET_BUILD_DIR}/${FRAMEWORKS_FOLDER_PATH}/Alamofire.framework",
				"${TARGET_BUILD_DIR}/${FRAMEWORKS_FOLDER_PATH}/BMPlayer.framework",
				"${TARGET_BUILD_DIR}/${FRAMEWORKS_FOLDER_PATH}/FDFullscreenPopGesture.framework",
				"${TARGET_BUILD_DIR}/${FRAMEWORKS_FOLDER_PATH}/Kingfisher.framework",
				"${TARGET_BUILD_DIR}/${FRAMEWORKS_FOLDER_PATH}/MJRefresh.framework",
				"${TARGET_BUILD_DIR}/${FRAMEWORKS_FOLDER_PATH}/NVActivityIndicatorView.framework",
				"${TARGET_BUILD_DIR}/${FRAMEWORKS_FOLDER_PATH}/RxCocoa.framework",
				"${TARGET_BUILD_DIR}/${FRAMEWORKS_FOLDER_PATH}/RxSwift.framework",
				"${TARGET_BUILD_DIR}/${FRAMEWORKS_FOLDER_PATH}/SGPagingView.framework",
				"${TARGET_BUILD_DIR}/${FRAMEWORKS_FOLDER_PATH}/SQLite.framework",
				"${TARGET_BUILD_DIR}/${FRAMEWORKS_FOLDER_PATH}/SVProgressHUD.framework",
				"${TARGET_BUILD_DIR}/${FRAMEWORKS_FOLDER_PATH}/SnapKit.framework",
			);
			runOnlyForDeploymentPostprocessing = 0;
			shellPath = /bin/sh;
			shellScript = "\"${SRCROOT}/Pods/Target Support Files/Pods-WYASwiftEnv/Pods-WYASwiftEnv-frameworks.sh\"\n";
			showEnvVarsInLog = 0;
		};
/* End PBXShellScriptBuildPhase section */

/* Begin PBXSourcesBuildPhase section */
		95CD115C2122691A00331792 /* Sources */ = {
			isa = PBXSourcesBuildPhase;
			buildActionMask = 2147483647;
			files = (
				9563B4D421251EA8007AC364 /* BaseNetWork.swift in Sources */,
				95CD11B2212275C700331792 /* HomeViewController.swift in Sources */,
				95CD11AA21226C7800331792 /* RootViewController.swift in Sources */,
				95CD11B02122737200331792 /* BaseViewController.swift in Sources */,
				95CD11BA2122AD8D00331792 /* WYABaseConfig.swift in Sources */,
				95CD11CD212419D900331792 /* String.swift in Sources */,
				9563B4DA21256161007AC364 /* ExampleNavSetVC.swift in Sources */,
				95CD11BC2122AD9C00331792 /* WYAMacros.swift in Sources */,
				9563B4D82125614C007AC364 /* ExampleNetWorkVC.swift in Sources */,
				9563B4DC2125618B007AC364 /* ExampleNavBarVC.swift in Sources */,
				95CD11C42122D49000331792 /* PrintTool.swift in Sources */,
				95CD11A4212269D500331792 /* AppDelegate.swift in Sources */,
				95CD11BE2122ADB500331792 /* WYANoticName.swift in Sources */,
				95CD11C02122ADC500331792 /* WYANetRequestUrl.swift in Sources */,
				95CD11AC21226CA100331792 /* RootControllerModel.swift in Sources */,
				95CD11C22122ADD800331792 /* WYAThirdClassHeader.swift in Sources */,
				95CD11B42122866900331792 /* MineViewController.swift in Sources */,
			);
			runOnlyForDeploymentPostprocessing = 0;
		};
		95CD11702122691B00331792 /* Sources */ = {
			isa = PBXSourcesBuildPhase;
			buildActionMask = 2147483647;
			files = (
				95CD11792122691B00331792 /* WYASwiftEnvTests.swift in Sources */,
			);
			runOnlyForDeploymentPostprocessing = 0;
		};
		95CD117B2122691B00331792 /* Sources */ = {
			isa = PBXSourcesBuildPhase;
			buildActionMask = 2147483647;
			files = (
				95CD11842122691B00331792 /* WYASwiftEnvUITests.swift in Sources */,
			);
			runOnlyForDeploymentPostprocessing = 0;
		};
/* End PBXSourcesBuildPhase section */

/* Begin PBXTargetDependency section */
		95CD11762122691B00331792 /* PBXTargetDependency */ = {
			isa = PBXTargetDependency;
			target = 95CD115F2122691A00331792 /* WYASwiftEnv */;
			targetProxy = 95CD11752122691B00331792 /* PBXContainerItemProxy */;
		};
		95CD11812122691B00331792 /* PBXTargetDependency */ = {
			isa = PBXTargetDependency;
			target = 95CD115F2122691A00331792 /* WYASwiftEnv */;
			targetProxy = 95CD11802122691B00331792 /* PBXContainerItemProxy */;
		};
/* End PBXTargetDependency section */

/* Begin PBXVariantGroup section */
		95CD119C212269D500331792 /* LaunchScreen.storyboard */ = {
			isa = PBXVariantGroup;
			children = (
				95CD119D212269D500331792 /* Base */,
			);
			name = LaunchScreen.storyboard;
			sourceTree = "<group>";
		};
		95CD11C92124099300331792 /* Main.storyboard */ = {
			isa = PBXVariantGroup;
			children = (
				95CD11CA2124099300331792 /* Base */,
			);
			name = Main.storyboard;
			sourceTree = "<group>";
		};
/* End PBXVariantGroup section */

/* Begin XCBuildConfiguration section */
		95CD11862122691B00331792 /* Debug */ = {
			isa = XCBuildConfiguration;
			buildSettings = {
				ALWAYS_SEARCH_USER_PATHS = NO;
				CLANG_ANALYZER_NONNULL = YES;
				CLANG_ANALYZER_NUMBER_OBJECT_CONVERSION = YES_AGGRESSIVE;
				CLANG_CXX_LANGUAGE_STANDARD = "gnu++14";
				CLANG_CXX_LIBRARY = "libc++";
				CLANG_ENABLE_MODULES = YES;
				CLANG_ENABLE_OBJC_ARC = YES;
				CLANG_ENABLE_OBJC_WEAK = YES;
				CLANG_WARN_BLOCK_CAPTURE_AUTORELEASING = YES;
				CLANG_WARN_BOOL_CONVERSION = YES;
				CLANG_WARN_COMMA = YES;
				CLANG_WARN_CONSTANT_CONVERSION = YES;
				CLANG_WARN_DEPRECATED_OBJC_IMPLEMENTATIONS = YES;
				CLANG_WARN_DIRECT_OBJC_ISA_USAGE = YES_ERROR;
				CLANG_WARN_DOCUMENTATION_COMMENTS = YES;
				CLANG_WARN_EMPTY_BODY = YES;
				CLANG_WARN_ENUM_CONVERSION = YES;
				CLANG_WARN_INFINITE_RECURSION = YES;
				CLANG_WARN_INT_CONVERSION = YES;
				CLANG_WARN_NON_LITERAL_NULL_CONVERSION = YES;
				CLANG_WARN_OBJC_IMPLICIT_RETAIN_SELF = YES;
				CLANG_WARN_OBJC_LITERAL_CONVERSION = YES;
				CLANG_WARN_OBJC_ROOT_CLASS = YES_ERROR;
				CLANG_WARN_RANGE_LOOP_ANALYSIS = YES;
				CLANG_WARN_STRICT_PROTOTYPES = YES;
				CLANG_WARN_SUSPICIOUS_MOVE = YES;
				CLANG_WARN_UNGUARDED_AVAILABILITY = YES_AGGRESSIVE;
				CLANG_WARN_UNREACHABLE_CODE = YES;
				CLANG_WARN__DUPLICATE_METHOD_MATCH = YES;
				CODE_SIGN_IDENTITY = "iPhone Developer";
				COPY_PHASE_STRIP = NO;
				DEBUG_INFORMATION_FORMAT = dwarf;
				ENABLE_STRICT_OBJC_MSGSEND = YES;
				ENABLE_TESTABILITY = YES;
				GCC_C_LANGUAGE_STANDARD = gnu11;
				GCC_DYNAMIC_NO_PIC = NO;
				GCC_NO_COMMON_BLOCKS = YES;
				GCC_OPTIMIZATION_LEVEL = 0;
				GCC_PREPROCESSOR_DEFINITIONS = (
					"DEBUG=1",
					"$(inherited)",
				);
				GCC_WARN_64_TO_32_BIT_CONVERSION = YES;
				GCC_WARN_ABOUT_RETURN_TYPE = YES_ERROR;
				GCC_WARN_UNDECLARED_SELECTOR = YES;
				GCC_WARN_UNINITIALIZED_AUTOS = YES_AGGRESSIVE;
				GCC_WARN_UNUSED_FUNCTION = YES;
				GCC_WARN_UNUSED_VARIABLE = YES;
				IPHONEOS_DEPLOYMENT_TARGET = 11.4;
				MTL_ENABLE_DEBUG_INFO = YES;
				ONLY_ACTIVE_ARCH = YES;
				SDKROOT = iphoneos;
				SWIFT_ACTIVE_COMPILATION_CONDITIONS = DEBUG;
				SWIFT_OPTIMIZATION_LEVEL = "-Onone";
			};
			name = Debug;
		};
		95CD11872122691B00331792 /* Release */ = {
			isa = XCBuildConfiguration;
			buildSettings = {
				ALWAYS_SEARCH_USER_PATHS = NO;
				CLANG_ANALYZER_NONNULL = YES;
				CLANG_ANALYZER_NUMBER_OBJECT_CONVERSION = YES_AGGRESSIVE;
				CLANG_CXX_LANGUAGE_STANDARD = "gnu++14";
				CLANG_CXX_LIBRARY = "libc++";
				CLANG_ENABLE_MODULES = YES;
				CLANG_ENABLE_OBJC_ARC = YES;
				CLANG_ENABLE_OBJC_WEAK = YES;
				CLANG_WARN_BLOCK_CAPTURE_AUTORELEASING = YES;
				CLANG_WARN_BOOL_CONVERSION = YES;
				CLANG_WARN_COMMA = YES;
				CLANG_WARN_CONSTANT_CONVERSION = YES;
				CLANG_WARN_DEPRECATED_OBJC_IMPLEMENTATIONS = YES;
				CLANG_WARN_DIRECT_OBJC_ISA_USAGE = YES_ERROR;
				CLANG_WARN_DOCUMENTATION_COMMENTS = YES;
				CLANG_WARN_EMPTY_BODY = YES;
				CLANG_WARN_ENUM_CONVERSION = YES;
				CLANG_WARN_INFINITE_RECURSION = YES;
				CLANG_WARN_INT_CONVERSION = YES;
				CLANG_WARN_NON_LITERAL_NULL_CONVERSION = YES;
				CLANG_WARN_OBJC_IMPLICIT_RETAIN_SELF = YES;
				CLANG_WARN_OBJC_LITERAL_CONVERSION = YES;
				CLANG_WARN_OBJC_ROOT_CLASS = YES_ERROR;
				CLANG_WARN_RANGE_LOOP_ANALYSIS = YES;
				CLANG_WARN_STRICT_PROTOTYPES = YES;
				CLANG_WARN_SUSPICIOUS_MOVE = YES;
				CLANG_WARN_UNGUARDED_AVAILABILITY = YES_AGGRESSIVE;
				CLANG_WARN_UNREACHABLE_CODE = YES;
				CLANG_WARN__DUPLICATE_METHOD_MATCH = YES;
				CODE_SIGN_IDENTITY = "iPhone Developer";
				COPY_PHASE_STRIP = NO;
				DEBUG_INFORMATION_FORMAT = "dwarf-with-dsym";
				ENABLE_NS_ASSERTIONS = NO;
				ENABLE_STRICT_OBJC_MSGSEND = YES;
				GCC_C_LANGUAGE_STANDARD = gnu11;
				GCC_NO_COMMON_BLOCKS = YES;
				GCC_WARN_64_TO_32_BIT_CONVERSION = YES;
				GCC_WARN_ABOUT_RETURN_TYPE = YES_ERROR;
				GCC_WARN_UNDECLARED_SELECTOR = YES;
				GCC_WARN_UNINITIALIZED_AUTOS = YES_AGGRESSIVE;
				GCC_WARN_UNUSED_FUNCTION = YES;
				GCC_WARN_UNUSED_VARIABLE = YES;
				IPHONEOS_DEPLOYMENT_TARGET = 11.4;
				MTL_ENABLE_DEBUG_INFO = NO;
				SDKROOT = iphoneos;
				SWIFT_COMPILATION_MODE = wholemodule;
				SWIFT_OPTIMIZATION_LEVEL = "-O";
				VALIDATE_PRODUCT = YES;
			};
			name = Release;
		};
		95CD11892122691B00331792 /* Debug */ = {
			isa = XCBuildConfiguration;
			baseConfigurationReference = 14B6A12E59368B97A105D7E4 /* Pods-WYASwiftEnv.debug.xcconfig */;
			buildSettings = {
				ASSETCATALOG_COMPILER_APPICON_NAME = AppIcon;
				CODE_SIGN_STYLE = Automatic;
				DEVELOPMENT_TEAM = J5265ZP7QT;
				INFOPLIST_FILE = WYASwiftEnv/Info.plist;
				LD_RUNPATH_SEARCH_PATHS = (
					"$(inherited)",
					"@executable_path/Frameworks",
				);
				OTHER_SWIFT_FLAGS = "-D DEBUG";
				PRODUCT_BUNDLE_IDENTIFIER = com.weiyian.ws.WYASwiftEnv;
				PRODUCT_NAME = "$(TARGET_NAME)";
				SWIFT_VERSION = 4.0;
				TARGETED_DEVICE_FAMILY = "1,2";
			};
			name = Debug;
		};
		95CD118A2122691B00331792 /* Release */ = {
			isa = XCBuildConfiguration;
			baseConfigurationReference = 7DBB0137EB4AFF0849D9A977 /* Pods-WYASwiftEnv.release.xcconfig */;
			buildSettings = {
				ASSETCATALOG_COMPILER_APPICON_NAME = AppIcon;
				CODE_SIGN_STYLE = Automatic;
				DEVELOPMENT_TEAM = J5265ZP7QT;
				INFOPLIST_FILE = WYASwiftEnv/Info.plist;
				LD_RUNPATH_SEARCH_PATHS = (
					"$(inherited)",
					"@executable_path/Frameworks",
				);
				OTHER_SWIFT_FLAGS = "";
				PRODUCT_BUNDLE_IDENTIFIER = com.weiyian.ws.WYASwiftEnv;
				PRODUCT_NAME = "$(TARGET_NAME)";
				SWIFT_VERSION = 4.0;
				TARGETED_DEVICE_FAMILY = "1,2";
			};
			name = Release;
		};
		95CD118C2122691B00331792 /* Debug */ = {
			isa = XCBuildConfiguration;
			buildSettings = {
				ALWAYS_EMBED_SWIFT_STANDARD_LIBRARIES = YES;
				BUNDLE_LOADER = "$(TEST_HOST)";
				CODE_SIGN_STYLE = Automatic;
				DEVELOPMENT_TEAM = J5265ZP7QT;
				INFOPLIST_FILE = WYASwiftEnvTests/Info.plist;
				LD_RUNPATH_SEARCH_PATHS = (
					"$(inherited)",
					"@executable_path/Frameworks",
					"@loader_path/Frameworks",
				);
				PRODUCT_BUNDLE_IDENTIFIER = com.weiyian.ws.WYASwiftEnvTests;
				PRODUCT_NAME = "$(TARGET_NAME)";
				SWIFT_VERSION = 4.0;
				TARGETED_DEVICE_FAMILY = "1,2";
				TEST_HOST = "$(BUILT_PRODUCTS_DIR)/WYASwiftEnv.app/WYASwiftEnv";
			};
			name = Debug;
		};
		95CD118D2122691B00331792 /* Release */ = {
			isa = XCBuildConfiguration;
			buildSettings = {
				ALWAYS_EMBED_SWIFT_STANDARD_LIBRARIES = YES;
				BUNDLE_LOADER = "$(TEST_HOST)";
				CODE_SIGN_STYLE = Automatic;
				DEVELOPMENT_TEAM = J5265ZP7QT;
				INFOPLIST_FILE = WYASwiftEnvTests/Info.plist;
				LD_RUNPATH_SEARCH_PATHS = (
					"$(inherited)",
					"@executable_path/Frameworks",
					"@loader_path/Frameworks",
				);
				PRODUCT_BUNDLE_IDENTIFIER = com.weiyian.ws.WYASwiftEnvTests;
				PRODUCT_NAME = "$(TARGET_NAME)";
				SWIFT_VERSION = 4.0;
				TARGETED_DEVICE_FAMILY = "1,2";
				TEST_HOST = "$(BUILT_PRODUCTS_DIR)/WYASwiftEnv.app/WYASwiftEnv";
			};
			name = Release;
		};
		95CD118F2122691B00331792 /* Debug */ = {
			isa = XCBuildConfiguration;
			buildSettings = {
				ALWAYS_EMBED_SWIFT_STANDARD_LIBRARIES = YES;
				CODE_SIGN_STYLE = Automatic;
				DEVELOPMENT_TEAM = J5265ZP7QT;
				INFOPLIST_FILE = WYASwiftEnvUITests/Info.plist;
				LD_RUNPATH_SEARCH_PATHS = (
					"$(inherited)",
					"@executable_path/Frameworks",
					"@loader_path/Frameworks",
				);
				PRODUCT_BUNDLE_IDENTIFIER = com.weiyian.ws.WYASwiftEnvUITests;
				PRODUCT_NAME = "$(TARGET_NAME)";
				SWIFT_VERSION = 4.0;
				TARGETED_DEVICE_FAMILY = "1,2";
				TEST_TARGET_NAME = WYASwiftEnv;
			};
			name = Debug;
		};
		95CD11902122691B00331792 /* Release */ = {
			isa = XCBuildConfiguration;
			buildSettings = {
				ALWAYS_EMBED_SWIFT_STANDARD_LIBRARIES = YES;
				CODE_SIGN_STYLE = Automatic;
				DEVELOPMENT_TEAM = J5265ZP7QT;
				INFOPLIST_FILE = WYASwiftEnvUITests/Info.plist;
				LD_RUNPATH_SEARCH_PATHS = (
					"$(inherited)",
					"@executable_path/Frameworks",
					"@loader_path/Frameworks",
				);
				PRODUCT_BUNDLE_IDENTIFIER = com.weiyian.ws.WYASwiftEnvUITests;
				PRODUCT_NAME = "$(TARGET_NAME)";
				SWIFT_VERSION = 4.0;
				TARGETED_DEVICE_FAMILY = "1,2";
				TEST_TARGET_NAME = WYASwiftEnv;
			};
			name = Release;
		};
/* End XCBuildConfiguration section */

/* Begin XCConfigurationList section */
		95CD115B2122691A00331792 /* Build configuration list for PBXProject "WYASwiftEnv" */ = {
			isa = XCConfigurationList;
			buildConfigurations = (
				95CD11862122691B00331792 /* Debug */,
				95CD11872122691B00331792 /* Release */,
			);
			defaultConfigurationIsVisible = 0;
			defaultConfigurationName = Release;
		};
		95CD11882122691B00331792 /* Build configuration list for PBXNativeTarget "WYASwiftEnv" */ = {
			isa = XCConfigurationList;
			buildConfigurations = (
				95CD11892122691B00331792 /* Debug */,
				95CD118A2122691B00331792 /* Release */,
			);
			defaultConfigurationIsVisible = 0;
			defaultConfigurationName = Release;
		};
		95CD118B2122691B00331792 /* Build configuration list for PBXNativeTarget "WYASwiftEnvTests" */ = {
			isa = XCConfigurationList;
			buildConfigurations = (
				95CD118C2122691B00331792 /* Debug */,
				95CD118D2122691B00331792 /* Release */,
			);
			defaultConfigurationIsVisible = 0;
			defaultConfigurationName = Release;
		};
		95CD118E2122691B00331792 /* Build configuration list for PBXNativeTarget "WYASwiftEnvUITests" */ = {
			isa = XCConfigurationList;
			buildConfigurations = (
				95CD118F2122691B00331792 /* Debug */,
				95CD11902122691B00331792 /* Release */,
			);
			defaultConfigurationIsVisible = 0;
			defaultConfigurationName = Release;
		};
/* End XCConfigurationList section */
	};
	rootObject = 95CD11582122691A00331792 /* Project object */;
}
